
Microsoft Visual Studio Solution File, Format Version 12.00
# Visual Studio Version 16
VisualStudioVersion = 16.0.29709.97
MinimumVisualStudioVersion = 10.0.40219.1
Project("{9A19103F-16F7-4668-BE54-9A1E7A4F7556}") = "SampleApi", "SampleApi\SampleApi.csproj", "{73E4D2A7-D26E-45EF-BEFA-B3595FB254D1}"
EndProject
Project("{9A19103F-16F7-4668-BE54-9A1E7A4F7556}") = "dotNetHttpBenchmarkCore", "dotNetHttpBenchmarkCore\dotNetHttpBenchmarkCore.csproj", "{DFD9527B-2266-46DE-B1B4-071B752C6D10}"
EndProject
Global
	GlobalSection(SolutionConfigurationPlatforms) = preSolution
		Debug|Any CPU = Debug|Any CPU
		Release|Any CPU = Release|Any CPU
	EndGlobalSection
	GlobalSection(ProjectConfigurationPlatforms) = postSolution
		{73E4D2A7-D26E-45EF-BEFA-B3595FB254D1}.Debug|Any CPU.ActiveCfg = Debug|Any CPU
		{73E4D2A7-D26E-45EF-BEFA-B3595FB254D1}.Debug|Any CPU.Build.0 = Debug|Any CPU
		{73E4D2A7-D26E-45EF-BEFA-B3595FB254D1}.Release|Any CPU.ActiveCfg = Release|Any CPU
		{73E4D2A7-D26E-45EF-BEFA-B3595FB254D1}.Release|Any CPU.Build.0 = Release|Any CPU
		{DFD9527B-2266-46DE-B1B4-071B752C6D10}.Debug|Any CPU.ActiveCfg = Debug|Any CPU
		{DFD9527B-2266-46DE-B1B4-071B752C6D10}.Debug|Any CPU.Build.0 = Debug|Any CPU
		{DFD9527B-2266-46DE-B1B4-071B752C6D10}.Release|Any CPU.ActiveCfg = Release|Any CPU
		{DFD9527B-2266-46DE-B1B4-071B752C6D10}.Release|Any CPU.Build.0 = Release|Any CPU
	EndGlobalSection
	GlobalSection(SolutionProperties) = preSolution
		HideSolutionNode = FALSE
	EndGlobalSection
	GlobalSection(ExtensibilityGlobals) = postSolution
		SolutionGuid = {7E52ABDD-EDEF-4592-9A26-7596FEF2620F}
	EndGlobalSection
EndGlobal
